
Microsoft Visual Studio Solution File, Format Version 12.00
# Visual Studio Version 16
VisualStudioVersion = 16.0.29905.134
MinimumVisualStudioVersion = 10.0.40219.1
Project("{9A19103F-16F7-4668-BE54-9A1E7A4F7556}") = "Cakeshop.Web", "Cakeshop.Web\Cakeshop.Web.csproj", "{F9EB3913-EF20-4ED7-A539-44EA7E06FE0A}"
EndProject
Project("{9A19103F-16F7-4668-BE54-9A1E7A4F7556}") = "Cakeshop.DataLayer", "Cakeshop.DataLayer\Cakeshop.DataLayer.csproj", "{EAC8983C-3271-46FE-B1DD-4A9D16ACA864}"
EndProject
Project("{9A19103F-16F7-4668-BE54-9A1E7A4F7556}") = "Cakeshop.Core", "Cakeshop.Core\Cakeshop.Core.csproj", "{3C11BF6E-23FC-4DF1-B428-1C928938E832}"
EndProject
Global
	GlobalSection(SolutionConfigurationPlatforms) = preSolution
		Debug|Any CPU = Debug|Any CPU
		Release|Any CPU = Release|Any CPU
	EndGlobalSection
	GlobalSection(ProjectConfigurationPlatforms) = postSolution
		{F9EB3913-EF20-4ED7-A539-44EA7E06FE0A}.Debug|Any CPU.ActiveCfg = Debug|Any CPU
		{F9EB3913-EF20-4ED7-A539-44EA7E06FE0A}.Debug|Any CPU.Build.0 = Debug|Any CPU
		{F9EB3913-EF20-4ED7-A539-44EA7E06FE0A}.Release|Any CPU.ActiveCfg = Release|Any CPU
		{F9EB3913-EF20-4ED7-A539-44EA7E06FE0A}.Release|Any CPU.Build.0 = Release|Any CPU
		{EAC8983C-3271-46FE-B1DD-4A9D16ACA864}.Debug|Any CPU.ActiveCfg = Debug|Any CPU
		{EAC8983C-3271-46FE-B1DD-4A9D16ACA864}.Debug|Any CPU.Build.0 = Debug|Any CPU
		{EAC8983C-3271-46FE-B1DD-4A9D16ACA864}.Release|Any CPU.ActiveCfg = Release|Any CPU
		{EAC8983C-3271-46FE-B1DD-4A9D16ACA864}.Release|Any CPU.Build.0 = Release|Any CPU
		{3C11BF6E-23FC-4DF1-B428-1C928938E832}.Debug|Any CPU.ActiveCfg = Debug|Any CPU
		{3C11BF6E-23FC-4DF1-B428-1C928938E832}.Debug|Any CPU.Build.0 = Debug|Any CPU
		{3C11BF6E-23FC-4DF1-B428-1C928938E832}.Release|Any CPU.ActiveCfg = Release|Any CPU
		{3C11BF6E-23FC-4DF1-B428-1C928938E832}.Release|Any CPU.Build.0 = Release|Any CPU
	EndGlobalSection
	GlobalSection(SolutionProperties) = preSolution
		HideSolutionNode = FALSE
	EndGlobalSection
	GlobalSection(ExtensibilityGlobals) = postSolution
		SolutionGuid = {37B8D5F6-33A8-46DD-BE04-A77E6BDC9624}
	EndGlobalSection
EndGlobal
